
Microsoft Visual Studio Solution File, Format Version 12.00
# Visual Studio Version 17
VisualStudioVersion = 17.1.32328.378
MinimumVisualStudioVersion = 10.0.40219.1
Project("{8BC9CEB8-8B4A-11D0-8D11-00A0C91BC942}") = "Hazel", "Hazel\Hazel.vcxproj", "{FA9657AC-3E38-46DF-8BE2-2CDA307B6A11}"
EndProject
Project("{8BC9CEB8-8B4A-11D0-8D11-00A0C91BC942}") = "SandBox", "SandBox\SandBox.vcxproj", "{CA61FCC0-C493-4A4F-AB59-8A6D0BDBCF90}"
EndProject
Global
	GlobalSection(SolutionConfigurationPlatforms) = preSolution
		Debug|x64 = Debug|x64
		Release|x64 = Release|x64
	EndGlobalSection
	GlobalSection(ProjectConfigurationPlatforms) = postSolution
		{FA9657AC-3E38-46DF-8BE2-2CDA307B6A11}.Debug|x64.ActiveCfg = Debug|x64
		{FA9657AC-3E38-46DF-8BE2-2CDA307B6A11}.Debug|x64.Build.0 = Debug|x64
		{FA9657AC-3E38-46DF-8BE2-2CDA307B6A11}.Release|x64.ActiveCfg = Release|x64
		{FA9657AC-3E38-46DF-8BE2-2CDA307B6A11}.Release|x64.Build.0 = Release|x64
		{CA61FCC0-C493-4A4F-AB59-8A6D0BDBCF90}.Debug|x64.ActiveCfg = Debug|x64
		{CA61FCC0-C493-4A4F-AB59-8A6D0BDBCF90}.Debug|x64.Build.0 = Debug|x64
		{CA61FCC0-C493-4A4F-AB59-8A6D0BDBCF90}.Release|x64.ActiveCfg = Release|x64
		{CA61FCC0-C493-4A4F-AB59-8A6D0BDBCF90}.Release|x64.Build.0 = Release|x64
	EndGlobalSection
	GlobalSection(SolutionProperties) = preSolution
		HideSolutionNode = FALSE
	EndGlobalSection
	GlobalSection(ExtensibilityGlobals) = postSolution
		SolutionGuid = {966A11C1-7285-4807-9149-BBFE0458F610}
	EndGlobalSection
EndGlobal
