<?xml version="1.0" encoding="utf-8"?>
<Project ToolsVersion="4.0" xmlns="http://schemas.microsoft.com/developer/msbuild/2003">
  <ItemGroup>
    <Filter Include="Hazel_c">
      <UniqueIdentifier>{7B003E95-E7DF-BC30-F0F7-47075C562392}</UniqueIdentifier>
    </Filter>
    <Filter Include="Hazel_c\Events">
      <UniqueIdentifier>{FFF394D2-EBC1-88D8-D455-F9FEC0C2643D}</UniqueIdentifier>
    </Filter>
    <Filter Include="Hazel_c\ImGui">
      <UniqueIdentifier>{E5A5017B-5166-7DB1-1AA1-C62E8620C28D}</UniqueIdentifier>
    </Filter>
    <Filter Include="Platform">
      <UniqueIdentifier>{2AC788B4-1694-E3BF-3FAD-D1672BD9184E}</UniqueIdentifier>
    </Filter>
    <Filter Include="Platform\Windows">
      <UniqueIdentifier>{64FBD71A-50F4-F66C-7926-DCF1657ED678}</UniqueIdentifier>
    </Filter>
  </ItemGroup>
  <ItemGroup>
    <ClInclude Include="src\Hazel.h" />
    <ClInclude Include="src\Hazel_c\Application.h">
      <Filter>Hazel_c</Filter>
    </ClInclude>
    <ClInclude Include="src\Hazel_c\Core.h">
      <Filter>Hazel_c</Filter>
    </ClInclude>
    <ClInclude Include="src\Hazel_c\EntryPoint.h">
      <Filter>Hazel_c</Filter>
    </ClInclude>
    <ClInclude Include="src\Hazel_c\Events\ApplicationEvent.h">
      <Filter>Hazel_c\Events</Filter>
    </ClInclude>
    <ClInclude Include="src\Hazel_c\Events\Event.h">
      <Filter>Hazel_c\Events</Filter>
    </ClInclude>
    <ClInclude Include="src\Hazel_c\Events\KeyEvent.h">
      <Filter>Hazel_c\Events</Filter>
    </ClInclude>
    <ClInclude Include="src\Hazel_c\Events\MouseEvent.h">
      <Filter>Hazel_c\Events</Filter>
    </ClInclude>
    <ClInclude Include="src\Hazel_c\ImGui\ImGuiLayer.h">
      <Filter>Hazel_c\ImGui</Filter>
    </ClInclude>
    <ClInclude Include="src\Hazel_c\Input.h">
      <Filter>Hazel_c</Filter>
    </ClInclude>
    <ClInclude Include="src\Hazel_c\KeyCodes.h">
      <Filter>Hazel_c</Filter>
    </ClInclude>
    <ClInclude Include="src\Hazel_c\Layer.h">
      <Filter>Hazel_c</Filter>
    </ClInclude>
    <ClInclude Include="src\Hazel_c\LayerStack.h">
      <Filter>Hazel_c</Filter>
    </ClInclude>
    <ClInclude Include="src\Hazel_c\Log.h">
      <Filter>Hazel_c</Filter>
    </ClInclude>
    <ClInclude Include="src\Hazel_c\MouseButtonCodes.h">
      <Filter>Hazel_c</Filter>
    </ClInclude>
    <ClInclude Include="src\Hazel_c\Window.h">
      <Filter>Hazel_c</Filter>
    </ClInclude>
    <ClInclude Include="src\Platform\Windows\WindowsInput.h">
      <Filter>Platform\Windows</Filter>
    </ClInclude>
    <ClInclude Include="src\Platform\Windows\WindowsWindow.h">
      <Filter>Platform\Windows</Filter>
    </ClInclude>
    <ClInclude Include="src\hzpch.h" />
  </ItemGroup>
  <ItemGroup>
    <ClCompile Include="src\Hazel_c\Application.cpp">
      <Filter>Hazel_c</Filter>
    </ClCompile>
    <ClCompile Include="src\Hazel_c\ImGui\ImGuiBuild.cpp">
      <Filter>Hazel_c\ImGui</Filter>
    </ClCompile>
    <ClCompile Include="src\Hazel_c\ImGui\ImGuiLayer.cpp">
      <Filter>Hazel_c\ImGui</Filter>
    </ClCompile>
    <ClCompile Include="src\Hazel_c\Layer.cpp">
      <Filter>Hazel_c</Filter>
    </ClCompile>
    <ClCompile Include="src\Hazel_c\LayerStack.cpp">
      <Filter>Hazel_c</Filter>
    </ClCompile>
    <ClCompile Include="src\Hazel_c\Log.cpp">
      <Filter>Hazel_c</Filter>
    </ClCompile>
    <ClCompile Include="src\Platform\Windows\WindowsInput.cpp">
      <Filter>Platform\Windows</Filter>
    </ClCompile>
    <ClCompile Include="src\Platform\Windows\WindowsWindow.cpp">
      <Filter>Platform\Windows</Filter>
    </ClCompile>
    <ClCompile Include="src\hzpch.cpp" />
  </ItemGroup>
</Project>