<?xml version="1.0" encoding="utf-8"?>
<Project ToolsVersion="4.0" xmlns="http://schemas.microsoft.com/developer/msbuild/2003">
  <ItemGroup>
    <Filter Include="Hazel_c">
      <UniqueIdentifier>{7B003E95-E7DF-BC30-F0F7-47075C562392}</UniqueIdentifier>
    </Filter>
    <Filter Include="Hazel_c\Events">
      <UniqueIdentifier>{FFF394D2-EBC1-88D8-D455-F9FEC0C2643D}</UniqueIdentifier>
    </Filter>
  </ItemGroup>
  <ItemGroup>
    <ClInclude Include="src\Hazel.h" />
    <ClInclude Include="src\Hazel_c\Application.h">
      <Filter>Hazel_c</Filter>
    </ClInclude>
    <ClInclude Include="src\Hazel_c\Core.h">
      <Filter>Hazel_c</Filter>
    </ClInclude>
    <ClInclude Include="src\Hazel_c\EntryPoint.h">
      <Filter>Hazel_c</Filter>
    </ClInclude>
    <ClInclude Include="src\Hazel_c\Events\ApplicationEvent.h">
      <Filter>Hazel_c\Events</Filter>
    </ClInclude>
    <ClInclude Include="src\Hazel_c\Events\Event.h">
      <Filter>Hazel_c\Events</Filter>
    </ClInclude>
    <ClInclude Include="src\Hazel_c\Events\KeyEvent.h">
      <Filter>Hazel_c\Events</Filter>
    </ClInclude>
    <ClInclude Include="src\Hazel_c\Events\MouseEvent.h">
      <Filter>Hazel_c\Events</Filter>
    </ClInclude>
    <ClInclude Include="src\Hazel_c\Log.h">
      <Filter>Hazel_c</Filter>
    </ClInclude>
  </ItemGroup>
  <ItemGroup>
    <ClCompile Include="src\Hazel_c\Application.cpp">
      <Filter>Hazel_c</Filter>
    </ClCompile>
    <ClCompile Include="src\Hazel_c\Log.cpp">
      <Filter>Hazel_c</Filter>
    </ClCompile>
  </ItemGroup>
</Project>